
Microsoft Visual Studio Solution File, Format Version 12.00
# Visual Studio Version 16
VisualStudioVersion = 16.0.31729.503
MinimumVisualStudioVersion = 10.0.40219.1
Project("{FAE04EC0-301F-11D3-BF4B-00C04F79EFBC}") = "SmartSchoolsV2.Android", "SmartSchoolsV2\SmartSchoolsV2.Android\SmartSchoolsV2.Android.csproj", "{3339D7F4-9C36-4033-A2F6-61B4BF78490D}"
EndProject
Project("{FAE04EC0-301F-11D3-BF4B-00C04F79EFBC}") = "SmartSchoolsV2.iOS", "SmartSchoolsV2\SmartSchoolsV2.iOS\SmartSchoolsV2.iOS.csproj", "{E0B13A1A-E817-465E-9902-4FF1D7A94AA5}"
EndProject
Project("{9A19103F-16F7-4668-BE54-9A1E7A4F7556}") = "SmartSchoolsV2", "SmartSchoolsV2\SmartSchoolsV2\SmartSchoolsV2.csproj", "{FCA7AB09-E500-44A6-8789-DFFD94FB285C}"
EndProject
Global
	GlobalSection(SolutionConfigurationPlatforms) = preSolution
		Ad-Hoc|Any CPU = Ad-Hoc|Any CPU
		Ad-Hoc|iPhone = Ad-Hoc|iPhone
		Ad-Hoc|iPhoneSimulator = Ad-Hoc|iPhoneSimulator
		AppStore|Any CPU = AppStore|Any CPU
		AppStore|iPhone = AppStore|iPhone
		AppStore|iPhoneSimulator = AppStore|iPhoneSimulator
		Debug|Any CPU = Debug|Any CPU
		Debug|iPhone = Debug|iPhone
		Debug|iPhoneSimulator = Debug|iPhoneSimulator
		Release|Any CPU = Release|Any CPU
		Release|iPhone = Release|iPhone
		Release|iPhoneSimulator = Release|iPhoneSimulator
	EndGlobalSection
	GlobalSection(ProjectConfigurationPlatforms) = postSolution
		{3339D7F4-9C36-4033-A2F6-61B4BF78490D}.Ad-Hoc|Any CPU.ActiveCfg = Release|Any CPU
		{3339D7F4-9C36-4033-A2F6-61B4BF78490D}.Ad-Hoc|Any CPU.Build.0 = Release|Any CPU
		{3339D7F4-9C36-4033-A2F6-61B4BF78490D}.Ad-Hoc|Any CPU.Deploy.0 = Release|Any CPU
		{3339D7F4-9C36-4033-A2F6-61B4BF78490D}.Ad-Hoc|iPhone.ActiveCfg = Release|Any CPU
		{3339D7F4-9C36-4033-A2F6-61B4BF78490D}.Ad-Hoc|iPhone.Build.0 = Release|Any CPU
		{3339D7F4-9C36-4033-A2F6-61B4BF78490D}.Ad-Hoc|iPhone.Deploy.0 = Release|Any CPU
		{3339D7F4-9C36-4033-A2F6-61B4BF78490D}.Ad-Hoc|iPhoneSimulator.ActiveCfg = Release|Any CPU
		{3339D7F4-9C36-4033-A2F6-61B4BF78490D}.Ad-Hoc|iPhoneSimulator.Build.0 = Release|Any CPU
		{3339D7F4-9C36-4033-A2F6-61B4BF78490D}.Ad-Hoc|iPhoneSimulator.Deploy.0 = Release|Any CPU
		{3339D7F4-9C36-4033-A2F6-61B4BF78490D}.AppStore|Any CPU.ActiveCfg = Release|Any CPU
		{3339D7F4-9C36-4033-A2F6-61B4BF78490D}.AppStore|Any CPU.Build.0 = Release|Any CPU
		{3339D7F4-9C36-4033-A2F6-61B4BF78490D}.AppStore|Any CPU.Deploy.0 = Release|Any CPU
		{3339D7F4-9C36-4033-A2F6-61B4BF78490D}.AppStore|iPhone.ActiveCfg = Release|Any CPU
		{3339D7F4-9C36-4033-A2F6-61B4BF78490D}.AppStore|iPhone.Build.0 = Release|Any CPU
		{3339D7F4-9C36-4033-A2F6-61B4BF78490D}.AppStore|iPhone.Deploy.0 = Release|Any CPU
		{3339D7F4-9C36-4033-A2F6-61B4BF78490D}.AppStore|iPhoneSimulator.ActiveCfg = Release|Any CPU
		{3339D7F4-9C36-4033-A2F6-61B4BF78490D}.AppStore|iPhoneSimulator.Build.0 = Release|Any CPU
		{3339D7F4-9C36-4033-A2F6-61B4BF78490D}.AppStore|iPhoneSimulator.Deploy.0 = Release|Any CPU
		{3339D7F4-9C36-4033-A2F6-61B4BF78490D}.Debug|Any CPU.ActiveCfg = Debug|Any CPU
		{3339D7F4-9C36-4033-A2F6-61B4BF78490D}.Debug|Any CPU.Build.0 = Debug|Any CPU
		{3339D7F4-9C36-4033-A2F6-61B4BF78490D}.Debug|Any CPU.Deploy.0 = Debug|Any CPU
		{3339D7F4-9C36-4033-A2F6-61B4BF78490D}.Debug|iPhone.ActiveCfg = Debug|Any CPU
		{3339D7F4-9C36-4033-A2F6-61B4BF78490D}.Debug|iPhone.Build.0 = Debug|Any CPU
		{3339D7F4-9C36-4033-A2F6-61B4BF78490D}.Debug|iPhone.Deploy.0 = Debug|Any CPU
		{3339D7F4-9C36-4033-A2F6-61B4BF78490D}.Debug|iPhoneSimulator.ActiveCfg = Debug|Any CPU
		{3339D7F4-9C36-4033-A2F6-61B4BF78490D}.Debug|iPhoneSimulator.Build.0 = Debug|Any CPU
		{3339D7F4-9C36-4033-A2F6-61B4BF78490D}.Debug|iPhoneSimulator.Deploy.0 = Debug|Any CPU
		{3339D7F4-9C36-4033-A2F6-61B4BF78490D}.Release|Any CPU.ActiveCfg = Release|Any CPU
		{3339D7F4-9C36-4033-A2F6-61B4BF78490D}.Release|Any CPU.Build.0 = Release|Any CPU
		{3339D7F4-9C36-4033-A2F6-61B4BF78490D}.Release|Any CPU.Deploy.0 = Release|Any CPU
		{3339D7F4-9C36-4033-A2F6-61B4BF78490D}.Release|iPhone.ActiveCfg = Release|Any CPU
		{3339D7F4-9C36-4033-A2F6-61B4BF78490D}.Release|iPhone.Build.0 = Release|Any CPU
		{3339D7F4-9C36-4033-A2F6-61B4BF78490D}.Release|iPhone.Deploy.0 = Release|Any CPU
		{3339D7F4-9C36-4033-A2F6-61B4BF78490D}.Release|iPhoneSimulator.ActiveCfg = Release|Any CPU
		{3339D7F4-9C36-4033-A2F6-61B4BF78490D}.Release|iPhoneSimulator.Build.0 = Release|Any CPU
		{3339D7F4-9C36-4033-A2F6-61B4BF78490D}.Release|iPhoneSimulator.Deploy.0 = Release|Any CPU
		{E0B13A1A-E817-465E-9902-4FF1D7A94AA5}.Ad-Hoc|Any CPU.ActiveCfg = Ad-Hoc|iPhone
		{E0B13A1A-E817-465E-9902-4FF1D7A94AA5}.Ad-Hoc|Any CPU.Build.0 = Ad-Hoc|iPhone
		{E0B13A1A-E817-465E-9902-4FF1D7A94AA5}.Ad-Hoc|Any CPU.Deploy.0 = Ad-Hoc|iPhone
		{E0B13A1A-E817-465E-9902-4FF1D7A94AA5}.Ad-Hoc|iPhone.ActiveCfg = Ad-Hoc|iPhone
		{E0B13A1A-E817-465E-9902-4FF1D7A94AA5}.Ad-Hoc|iPhone.Build.0 = Ad-Hoc|iPhone
		{E0B13A1A-E817-465E-9902-4FF1D7A94AA5}.Ad-Hoc|iPhone.Deploy.0 = Ad-Hoc|iPhone
		{E0B13A1A-E817-465E-9902-4FF1D7A94AA5}.Ad-Hoc|iPhoneSimulator.ActiveCfg = Ad-Hoc|iPhoneSimulator
		{E0B13A1A-E817-465E-9902-4FF1D7A94AA5}.Ad-Hoc|iPhoneSimulator.Build.0 = Ad-Hoc|iPhoneSimulator
		{E0B13A1A-E817-465E-9902-4FF1D7A94AA5}.Ad-Hoc|iPhoneSimulator.Deploy.0 = Ad-Hoc|iPhoneSimulator
		{E0B13A1A-E817-465E-9902-4FF1D7A94AA5}.AppStore|Any CPU.ActiveCfg = AppStore|iPhone
		{E0B13A1A-E817-465E-9902-4FF1D7A94AA5}.AppStore|Any CPU.Build.0 = AppStore|iPhone
		{E0B13A1A-E817-465E-9902-4FF1D7A94AA5}.AppStore|Any CPU.Deploy.0 = AppStore|iPhone
		{E0B13A1A-E817-465E-9902-4FF1D7A94AA5}.AppStore|iPhone.ActiveCfg = AppStore|iPhone
		{E0B13A1A-E817-465E-9902-4FF1D7A94AA5}.AppStore|iPhone.Build.0 = AppStore|iPhone
		{E0B13A1A-E817-465E-9902-4FF1D7A94AA5}.AppStore|iPhone.Deploy.0 = AppStore|iPhone
		{E0B13A1A-E817-465E-9902-4FF1D7A94AA5}.AppStore|iPhoneSimulator.ActiveCfg = AppStore|iPhoneSimulator
		{E0B13A1A-E817-465E-9902-4FF1D7A94AA5}.AppStore|iPhoneSimulator.Build.0 = AppStore|iPhoneSimulator
		{E0B13A1A-E817-465E-9902-4FF1D7A94AA5}.AppStore|iPhoneSimulator.Deploy.0 = AppStore|iPhoneSimulator
		{E0B13A1A-E817-465E-9902-4FF1D7A94AA5}.Debug|Any CPU.ActiveCfg = Debug|iPhoneSimulator
		{E0B13A1A-E817-465E-9902-4FF1D7A94AA5}.Debug|Any CPU.Build.0 = Debug|iPhoneSimulator
		{E0B13A1A-E817-465E-9902-4FF1D7A94AA5}.Debug|Any CPU.Deploy.0 = Debug|iPhoneSimulator
		{E0B13A1A-E817-465E-9902-4FF1D7A94AA5}.Debug|iPhone.ActiveCfg = Debug|iPhone
		{E0B13A1A-E817-465E-9902-4FF1D7A94AA5}.Debug|iPhone.Build.0 = Debug|iPhone
		{E0B13A1A-E817-465E-9902-4FF1D7A94AA5}.Debug|iPhone.Deploy.0 = Debug|iPhone
		{E0B13A1A-E817-465E-9902-4FF1D7A94AA5}.Debug|iPhoneSimulator.ActiveCfg = Debug|iPhoneSimulator
		{E0B13A1A-E817-465E-9902-4FF1D7A94AA5}.Debug|iPhoneSimulator.Build.0 = Debug|iPhoneSimulator
		{E0B13A1A-E817-465E-9902-4FF1D7A94AA5}.Debug|iPhoneSimulator.Deploy.0 = Debug|iPhoneSimulator
		{E0B13A1A-E817-465E-9902-4FF1D7A94AA5}.Release|Any CPU.ActiveCfg = Release|iPhone
		{E0B13A1A-E817-465E-9902-4FF1D7A94AA5}.Release|Any CPU.Build.0 = Release|iPhone
		{E0B13A1A-E817-465E-9902-4FF1D7A94AA5}.Release|Any CPU.Deploy.0 = Release|iPhone
		{E0B13A1A-E817-465E-9902-4FF1D7A94AA5}.Release|iPhone.ActiveCfg = Release|iPhone
		{E0B13A1A-E817-465E-9902-4FF1D7A94AA5}.Release|iPhone.Build.0 = Release|iPhone
		{E0B13A1A-E817-465E-9902-4FF1D7A94AA5}.Release|iPhone.Deploy.0 = Release|iPhone
		{E0B13A1A-E817-465E-9902-4FF1D7A94AA5}.Release|iPhoneSimulator.ActiveCfg = Release|iPhoneSimulator
		{E0B13A1A-E817-465E-9902-4FF1D7A94AA5}.Release|iPhoneSimulator.Build.0 = Release|iPhoneSimulator
		{E0B13A1A-E817-465E-9902-4FF1D7A94AA5}.Release|iPhoneSimulator.Deploy.0 = Release|iPhoneSimulator
		{FCA7AB09-E500-44A6-8789-DFFD94FB285C}.Ad-Hoc|Any CPU.ActiveCfg = Debug|Any CPU
		{FCA7AB09-E500-44A6-8789-DFFD94FB285C}.Ad-Hoc|Any CPU.Build.0 = Debug|Any CPU
		{FCA7AB09-E500-44A6-8789-DFFD94FB285C}.Ad-Hoc|Any CPU.Deploy.0 = Debug|Any CPU
		{FCA7AB09-E500-44A6-8789-DFFD94FB285C}.Ad-Hoc|iPhone.ActiveCfg = Debug|Any CPU
		{FCA7AB09-E500-44A6-8789-DFFD94FB285C}.Ad-Hoc|iPhone.Build.0 = Debug|Any CPU
		{FCA7AB09-E500-44A6-8789-DFFD94FB285C}.Ad-Hoc|iPhone.Deploy.0 = Debug|Any CPU
		{FCA7AB09-E500-44A6-8789-DFFD94FB285C}.Ad-Hoc|iPhoneSimulator.ActiveCfg = Debug|Any CPU
		{FCA7AB09-E500-44A6-8789-DFFD94FB285C}.Ad-Hoc|iPhoneSimulator.Build.0 = Debug|Any CPU
		{FCA7AB09-E500-44A6-8789-DFFD94FB285C}.Ad-Hoc|iPhoneSimulator.Deploy.0 = Debug|Any CPU
		{FCA7AB09-E500-44A6-8789-DFFD94FB285C}.AppStore|Any CPU.ActiveCfg = Debug|Any CPU
		{FCA7AB09-E500-44A6-8789-DFFD94FB285C}.AppStore|Any CPU.Build.0 = Debug|Any CPU
		{FCA7AB09-E500-44A6-8789-DFFD94FB285C}.AppStore|Any CPU.Deploy.0 = Debug|Any CPU
		{FCA7AB09-E500-44A6-8789-DFFD94FB285C}.AppStore|iPhone.ActiveCfg = Debug|Any CPU
		{FCA7AB09-E500-44A6-8789-DFFD94FB285C}.AppStore|iPhone.Build.0 = Debug|Any CPU
		{FCA7AB09-E500-44A6-8789-DFFD94FB285C}.AppStore|iPhone.Deploy.0 = Debug|Any CPU
		{FCA7AB09-E500-44A6-8789-DFFD94FB285C}.AppStore|iPhoneSimulator.ActiveCfg = Debug|Any CPU
		{FCA7AB09-E500-44A6-8789-DFFD94FB285C}.AppStore|iPhoneSimulator.Build.0 = Debug|Any CPU
		{FCA7AB09-E500-44A6-8789-DFFD94FB285C}.AppStore|iPhoneSimulator.Deploy.0 = Debug|Any CPU
		{FCA7AB09-E500-44A6-8789-DFFD94FB285C}.Debug|Any CPU.ActiveCfg = Debug|Any CPU
		{FCA7AB09-E500-44A6-8789-DFFD94FB285C}.Debug|Any CPU.Build.0 = Debug|Any CPU
		{FCA7AB09-E500-44A6-8789-DFFD94FB285C}.Debug|Any CPU.Deploy.0 = Debug|Any CPU
		{FCA7AB09-E500-44A6-8789-DFFD94FB285C}.Debug|iPhone.ActiveCfg = Debug|Any CPU
		{FCA7AB09-E500-44A6-8789-DFFD94FB285C}.Debug|iPhone.Build.0 = Debug|Any CPU
		{FCA7AB09-E500-44A6-8789-DFFD94FB285C}.Debug|iPhone.Deploy.0 = Debug|Any CPU
		{FCA7AB09-E500-44A6-8789-DFFD94FB285C}.Debug|iPhoneSimulator.ActiveCfg = Debug|Any CPU
		{FCA7AB09-E500-44A6-8789-DFFD94FB285C}.Debug|iPhoneSimulator.Build.0 = Debug|Any CPU
		{FCA7AB09-E500-44A6-8789-DFFD94FB285C}.Debug|iPhoneSimulator.Deploy.0 = Debug|Any CPU
		{FCA7AB09-E500-44A6-8789-DFFD94FB285C}.Release|Any CPU.ActiveCfg = Release|Any CPU
		{FCA7AB09-E500-44A6-8789-DFFD94FB285C}.Release|Any CPU.Build.0 = Release|Any CPU
		{FCA7AB09-E500-44A6-8789-DFFD94FB285C}.Release|Any CPU.Deploy.0 = Release|Any CPU
		{FCA7AB09-E500-44A6-8789-DFFD94FB285C}.Release|iPhone.ActiveCfg = Release|Any CPU
		{FCA7AB09-E500-44A6-8789-DFFD94FB285C}.Release|iPhone.Build.0 = Release|Any CPU
		{FCA7AB09-E500-44A6-8789-DFFD94FB285C}.Release|iPhone.Deploy.0 = Release|Any CPU
		{FCA7AB09-E500-44A6-8789-DFFD94FB285C}.Release|iPhoneSimulator.ActiveCfg = Release|Any CPU
		{FCA7AB09-E500-44A6-8789-DFFD94FB285C}.Release|iPhoneSimulator.Build.0 = Release|Any CPU
		{FCA7AB09-E500-44A6-8789-DFFD94FB285C}.Release|iPhoneSimulator.Deploy.0 = Release|Any CPU
	EndGlobalSection
	GlobalSection(SolutionProperties) = preSolution
		HideSolutionNode = FALSE
	EndGlobalSection
	GlobalSection(ExtensibilityGlobals) = postSolution
		SolutionGuid = {3AFE942A-1E52-4009-AA6B-497C972D7377}
	EndGlobalSection
EndGlobal
